// !$*UTF8*$!
{
	archiveVersion = 1;
	classes = {
	};
	objectVersion = 50;
	objects = {

/* Begin PBXBuildFile section */
		AD901C792349F05900D3AFB5 /* AppDelegate.swift in Sources */ = {isa = PBXBuildFile; fileRef = AD901C782349F05900D3AFB5 /* AppDelegate.swift */; };
		AD901C7B2349F05900D3AFB5 /* SceneDelegate.swift in Sources */ = {isa = PBXBuildFile; fileRef = AD901C7A2349F05900D3AFB5 /* SceneDelegate.swift */; };
		AD901C7D2349F05900D3AFB5 /* ViewController.swift in Sources */ = {isa = PBXBuildFile; fileRef = AD901C7C2349F05900D3AFB5 /* ViewController.swift */; };
		AD901C802349F05900D3AFB5 /* Main.storyboard in Resources */ = {isa = PBXBuildFile; fileRef = AD901C7E2349F05900D3AFB5 /* Main.storyboard */; };
		AD901C852349F05A00D3AFB5 /* LaunchScreen.storyboard in Resources */ = {isa = PBXBuildFile; fileRef = AD901C832349F05A00D3AFB5 /* LaunchScreen.storyboard */; };
		AD901C902349F05A00D3AFB5 /* ContactsAppTests.swift in Sources */ = {isa = PBXBuildFile; fileRef = AD901C8F2349F05A00D3AFB5 /* ContactsAppTests.swift */; };
		AD901C9B2349F05A00D3AFB5 /* ContactsAppUITests.swift in Sources */ = {isa = PBXBuildFile; fileRef = AD901C9A2349F05A00D3AFB5 /* ContactsAppUITests.swift */; };
		AD901CAC2349F16C00D3AFB5 /* Constants.swift in Sources */ = {isa = PBXBuildFile; fileRef = AD901CA92349F16C00D3AFB5 /* Constants.swift */; };
		AD901CAD2349F16C00D3AFB5 /* Reachability.swift in Sources */ = {isa = PBXBuildFile; fileRef = AD901CAA2349F16C00D3AFB5 /* Reachability.swift */; };
		AD901CAE2349F16C00D3AFB5 /* ServiceManager.swift in Sources */ = {isa = PBXBuildFile; fileRef = AD901CAB2349F16C00D3AFB5 /* ServiceManager.swift */; };
		AD901CB32349F1C600D3AFB5 /* ContactsModel.swift in Sources */ = {isa = PBXBuildFile; fileRef = AD901CB22349F1C600D3AFB5 /* ContactsModel.swift */; };
		AD901CB72349F1F000D3AFB5 /* Assets.xcassets in Resources */ = {isa = PBXBuildFile; fileRef = AD901CB62349F1F000D3AFB5 /* Assets.xcassets */; };
		AD901CBA2349F52800D3AFB5 /* BaseViewController.swift in Sources */ = {isa = PBXBuildFile; fileRef = AD901CB92349F52800D3AFB5 /* BaseViewController.swift */; };
		AD901CBC2349F53800D3AFB5 /* ContactsViewController.swift in Sources */ = {isa = PBXBuildFile; fileRef = AD901CBB2349F53800D3AFB5 /* ContactsViewController.swift */; };
		AD901CBE2349F54500D3AFB5 /* ContactsViewModel.swift in Sources */ = {isa = PBXBuildFile; fileRef = AD901CBD2349F54500D3AFB5 /* ContactsViewModel.swift */; };
		AD901CC12349F59D00D3AFB5 /* ContactTableViewCell.swift in Sources */ = {isa = PBXBuildFile; fileRef = AD901CC02349F59C00D3AFB5 /* ContactTableViewCell.swift */; };
		AD901CC32349FB5000D3AFB5 /* ImageDownloadManager.swift in Sources */ = {isa = PBXBuildFile; fileRef = AD901CC22349FB5000D3AFB5 /* ImageDownloadManager.swift */; };
		AD901CC5234A0DCC00D3AFB5 /* ContactDetailViewController.swift in Sources */ = {isa = PBXBuildFile; fileRef = AD901CC4234A0DCC00D3AFB5 /* ContactDetailViewController.swift */; };
		AD901CC7234A0F8D00D3AFB5 /* ContactDetailViewModel.swift in Sources */ = {isa = PBXBuildFile; fileRef = AD901CC6234A0F8D00D3AFB5 /* ContactDetailViewModel.swift */; };
		AD901CC9234B040A00D3AFB5 /* EditContactViewController.swift in Sources */ = {isa = PBXBuildFile; fileRef = AD901CC8234B040A00D3AFB5 /* EditContactViewController.swift */; };
		AD901CCB234B147400D3AFB5 /* EditContactViewModel.swift in Sources */ = {isa = PBXBuildFile; fileRef = AD901CCA234B147400D3AFB5 /* EditContactViewModel.swift */; };
/* End PBXBuildFile section */

/* Begin PBXContainerItemProxy section */
		AD901C8C2349F05A00D3AFB5 /* PBXContainerItemProxy */ = {
			isa = PBXContainerItemProxy;
			containerPortal = AD901C6D2349F05900D3AFB5 /* Project object */;
			proxyType = 1;
			remoteGlobalIDString = AD901C742349F05900D3AFB5;
			remoteInfo = ContactsApp;
		};
		AD901C972349F05A00D3AFB5 /* PBXContainerItemProxy */ = {
			isa = PBXContainerItemProxy;
			containerPortal = AD901C6D2349F05900D3AFB5 /* Project object */;
			proxyType = 1;
			remoteGlobalIDString = AD901C742349F05900D3AFB5;
			remoteInfo = ContactsApp;
		};
/* End PBXContainerItemProxy section */

/* Begin PBXFileReference section */
		AD901C752349F05900D3AFB5 /* ContactsApp.app */ = {isa = PBXFileReference; explicitFileType = wrapper.application; includeInIndex = 0; path = ContactsApp.app; sourceTree = BUILT_PRODUCTS_DIR; };
		AD901C782349F05900D3AFB5 /* AppDelegate.swift */ = {isa = PBXFileReference; lastKnownFileType = sourcecode.swift; path = AppDelegate.swift; sourceTree = "<group>"; };
		AD901C7A2349F05900D3AFB5 /* SceneDelegate.swift */ = {isa = PBXFileReference; lastKnownFileType = sourcecode.swift; path = SceneDelegate.swift; sourceTree = "<group>"; };
		AD901C7C2349F05900D3AFB5 /* ViewController.swift */ = {isa = PBXFileReference; lastKnownFileType = sourcecode.swift; path = ViewController.swift; sourceTree = "<group>"; };
		AD901C7F2349F05900D3AFB5 /* Base */ = {isa = PBXFileReference; lastKnownFileType = file.storyboard; name = Base; path = Base.lproj/Main.storyboard; sourceTree = "<group>"; };
		AD901C842349F05A00D3AFB5 /* Base */ = {isa = PBXFileReference; lastKnownFileType = file.storyboard; name = Base; path = Base.lproj/LaunchScreen.storyboard; sourceTree = "<group>"; };
		AD901C862349F05A00D3AFB5 /* Info.plist */ = {isa = PBXFileReference; lastKnownFileType = text.plist.xml; path = Info.plist; sourceTree = "<group>"; };
		AD901C8B2349F05A00D3AFB5 /* ContactsAppTests.xctest */ = {isa = PBXFileReference; explicitFileType = wrapper.cfbundle; includeInIndex = 0; path = ContactsAppTests.xctest; sourceTree = BUILT_PRODUCTS_DIR; };
		AD901C8F2349F05A00D3AFB5 /* ContactsAppTests.swift */ = {isa = PBXFileReference; lastKnownFileType = sourcecode.swift; path = ContactsAppTests.swift; sourceTree = "<group>"; };
		AD901C912349F05A00D3AFB5 /* Info.plist */ = {isa = PBXFileReference; lastKnownFileType = text.plist.xml; path = Info.plist; sourceTree = "<group>"; };
		AD901C962349F05A00D3AFB5 /* ContactsAppUITests.xctest */ = {isa = PBXFileReference; explicitFileType = wrapper.cfbundle; includeInIndex = 0; path = ContactsAppUITests.xctest; sourceTree = BUILT_PRODUCTS_DIR; };
		AD901C9A2349F05A00D3AFB5 /* ContactsAppUITests.swift */ = {isa = PBXFileReference; lastKnownFileType = sourcecode.swift; path = ContactsAppUITests.swift; sourceTree = "<group>"; };
		AD901C9C2349F05A00D3AFB5 /* Info.plist */ = {isa = PBXFileReference; lastKnownFileType = text.plist.xml; path = Info.plist; sourceTree = "<group>"; };
		AD901CA92349F16C00D3AFB5 /* Constants.swift */ = {isa = PBXFileReference; fileEncoding = 4; lastKnownFileType = sourcecode.swift; path = Constants.swift; sourceTree = "<group>"; };
		AD901CAA2349F16C00D3AFB5 /* Reachability.swift */ = {isa = PBXFileReference; fileEncoding = 4; lastKnownFileType = sourcecode.swift; path = Reachability.swift; sourceTree = "<group>"; };
		AD901CAB2349F16C00D3AFB5 /* ServiceManager.swift */ = {isa = PBXFileReference; fileEncoding = 4; lastKnownFileType = sourcecode.swift; path = ServiceManager.swift; sourceTree = "<group>"; };
		AD901CB22349F1C600D3AFB5 /* ContactsModel.swift */ = {isa = PBXFileReference; fileEncoding = 4; lastKnownFileType = sourcecode.swift; path = ContactsModel.swift; sourceTree = "<group>"; };
		AD901CB62349F1F000D3AFB5 /* Assets.xcassets */ = {isa = PBXFileReference; lastKnownFileType = folder.assetcatalog; path = Assets.xcassets; sourceTree = "<group>"; };
		AD901CB92349F52800D3AFB5 /* BaseViewController.swift */ = {isa = PBXFileReference; fileEncoding = 4; lastKnownFileType = sourcecode.swift; path = BaseViewController.swift; sourceTree = "<group>"; };
		AD901CBB2349F53800D3AFB5 /* ContactsViewController.swift */ = {isa = PBXFileReference; fileEncoding = 4; lastKnownFileType = sourcecode.swift; path = ContactsViewController.swift; sourceTree = "<group>"; };
		AD901CBD2349F54500D3AFB5 /* ContactsViewModel.swift */ = {isa = PBXFileReference; fileEncoding = 4; lastKnownFileType = sourcecode.swift; path = ContactsViewModel.swift; sourceTree = "<group>"; };
		AD901CC02349F59C00D3AFB5 /* ContactTableViewCell.swift */ = {isa = PBXFileReference; fileEncoding = 4; lastKnownFileType = sourcecode.swift; path = ContactTableViewCell.swift; sourceTree = "<group>"; };
		AD901CC22349FB5000D3AFB5 /* ImageDownloadManager.swift */ = {isa = PBXFileReference; fileEncoding = 4; lastKnownFileType = sourcecode.swift; path = ImageDownloadManager.swift; sourceTree = "<group>"; };
		AD901CC4234A0DCC00D3AFB5 /* ContactDetailViewController.swift */ = {isa = PBXFileReference; lastKnownFileType = sourcecode.swift; path = ContactDetailViewController.swift; sourceTree = "<group>"; };
		AD901CC6234A0F8D00D3AFB5 /* ContactDetailViewModel.swift */ = {isa = PBXFileReference; lastKnownFileType = sourcecode.swift; path = ContactDetailViewModel.swift; sourceTree = "<group>"; };
		AD901CC8234B040A00D3AFB5 /* EditContactViewController.swift */ = {isa = PBXFileReference; lastKnownFileType = sourcecode.swift; path = EditContactViewController.swift; sourceTree = "<group>"; };
		AD901CCA234B147400D3AFB5 /* EditContactViewModel.swift */ = {isa = PBXFileReference; lastKnownFileType = sourcecode.swift; path = EditContactViewModel.swift; sourceTree = "<group>"; };
/* End PBXFileReference section */

/* Begin PBXFrameworksBuildPhase section */
		AD901C722349F05900D3AFB5 /* Frameworks */ = {
			isa = PBXFrameworksBuildPhase;
			buildActionMask = 2147483647;
			files = (
			);
			runOnlyForDeploymentPostprocessing = 0;
		};
		AD901C882349F05A00D3AFB5 /* Frameworks */ = {
			isa = PBXFrameworksBuildPhase;
			buildActionMask = 2147483647;
			files = (
			);
			runOnlyForDeploymentPostprocessing = 0;
		};
		AD901C932349F05A00D3AFB5 /* Frameworks */ = {
			isa = PBXFrameworksBuildPhase;
			buildActionMask = 2147483647;
			files = (
			);
			runOnlyForDeploymentPostprocessing = 0;
		};
/* End PBXFrameworksBuildPhase section */

/* Begin PBXGroup section */
		AD901C6C2349F05900D3AFB5 = {
			isa = PBXGroup;
			children = (
				AD901C772349F05900D3AFB5 /* ContactsApp */,
				AD901C8E2349F05A00D3AFB5 /* ContactsAppTests */,
				AD901C992349F05A00D3AFB5 /* ContactsAppUITests */,
				AD901C762349F05900D3AFB5 /* Products */,
			);
			sourceTree = "<group>";
		};
		AD901C762349F05900D3AFB5 /* Products */ = {
			isa = PBXGroup;
			children = (
				AD901C752349F05900D3AFB5 /* ContactsApp.app */,
				AD901C8B2349F05A00D3AFB5 /* ContactsAppTests.xctest */,
				AD901C962349F05A00D3AFB5 /* ContactsAppUITests.xctest */,
			);
			name = Products;
			sourceTree = "<group>";
		};
		AD901C772349F05900D3AFB5 /* ContactsApp */ = {
			isa = PBXGroup;
			children = (
				AD901CB82349F2D700D3AFB5 /* Controllers */,
				AD901CB42349F1CA00D3AFB5 /* ViewModel */,
				AD901CB12349F1B100D3AFB5 /* Model */,
				AD901CB02349F1A500D3AFB5 /* View */,
				AD901CB52349F1E500D3AFB5 /* Resources */,
				AD901CAF2349F18B00D3AFB5 /* AppDelegate */,
				AD901CA82349F16C00D3AFB5 /* HelperClass */,
				AD901C7C2349F05900D3AFB5 /* ViewController.swift */,
				AD901C832349F05A00D3AFB5 /* LaunchScreen.storyboard */,
				AD901C862349F05A00D3AFB5 /* Info.plist */,
			);
			path = ContactsApp;
			sourceTree = "<group>";
		};
		AD901C8E2349F05A00D3AFB5 /* ContactsAppTests */ = {
			isa = PBXGroup;
			children = (
				AD901C8F2349F05A00D3AFB5 /* ContactsAppTests.swift */,
				AD901C912349F05A00D3AFB5 /* Info.plist */,
			);
			path = ContactsAppTests;
			sourceTree = "<group>";
		};
		AD901C992349F05A00D3AFB5 /* ContactsAppUITests */ = {
			isa = PBXGroup;
			children = (
				AD901C9A2349F05A00D3AFB5 /* ContactsAppUITests.swift */,
				AD901C9C2349F05A00D3AFB5 /* Info.plist */,
			);
			path = ContactsAppUITests;
			sourceTree = "<group>";
		};
		AD901CA82349F16C00D3AFB5 /* HelperClass */ = {
			isa = PBXGroup;
			children = (
				AD901CC22349FB5000D3AFB5 /* ImageDownloadManager.swift */,
				AD901CA92349F16C00D3AFB5 /* Constants.swift */,
				AD901CAA2349F16C00D3AFB5 /* Reachability.swift */,
				AD901CAB2349F16C00D3AFB5 /* ServiceManager.swift */,
			);
			path = HelperClass;
			sourceTree = "<group>";
		};
		AD901CAF2349F18B00D3AFB5 /* AppDelegate */ = {
			isa = PBXGroup;
			children = (
				AD901C782349F05900D3AFB5 /* AppDelegate.swift */,
				AD901C7A2349F05900D3AFB5 /* SceneDelegate.swift */,
			);
			path = AppDelegate;
			sourceTree = "<group>";
		};
		AD901CB02349F1A500D3AFB5 /* View */ = {
			isa = PBXGroup;
			children = (
				AD901CBF2349F59C00D3AFB5 /* CustomCell */,
				AD901C7E2349F05900D3AFB5 /* Main.storyboard */,
			);
			path = View;
			sourceTree = "<group>";
		};
		AD901CB12349F1B100D3AFB5 /* Model */ = {
			isa = PBXGroup;
			children = (
				AD901CB22349F1C600D3AFB5 /* ContactsModel.swift */,
			);
			path = Model;
			sourceTree = "<group>";
		};
		AD901CB42349F1CA00D3AFB5 /* ViewModel */ = {
			isa = PBXGroup;
			children = (
				AD901CBD2349F54500D3AFB5 /* ContactsViewModel.swift */,
				AD901CC6234A0F8D00D3AFB5 /* ContactDetailViewModel.swift */,
				AD901CCA234B147400D3AFB5 /* EditContactViewModel.swift */,
			);
			path = ViewModel;
			sourceTree = "<group>";
		};
		AD901CB52349F1E500D3AFB5 /* Resources */ = {
			isa = PBXGroup;
			children = (
				AD901CB62349F1F000D3AFB5 /* Assets.xcassets */,
			);
			path = Resources;
			sourceTree = "<group>";
		};
		AD901CB82349F2D700D3AFB5 /* Controllers */ = {
			isa = PBXGroup;
			children = (
				AD901CB92349F52800D3AFB5 /* BaseViewController.swift */,
				AD901CBB2349F53800D3AFB5 /* ContactsViewController.swift */,
				AD901CC4234A0DCC00D3AFB5 /* ContactDetailViewController.swift */,
				AD901CC8234B040A00D3AFB5 /* EditContactViewController.swift */,
			);
			path = Controllers;
			sourceTree = "<group>";
		};
		AD901CBF2349F59C00D3AFB5 /* CustomCell */ = {
			isa = PBXGroup;
			children = (
				AD901CC02349F59C00D3AFB5 /* ContactTableViewCell.swift */,
			);
			path = CustomCell;
			sourceTree = "<group>";
		};
/* End PBXGroup section */

/* Begin PBXNativeTarget section */
		AD901C742349F05900D3AFB5 /* ContactsApp */ = {
			isa = PBXNativeTarget;
			buildConfigurationList = AD901C9F2349F05A00D3AFB5 /* Build configuration list for PBXNativeTarget "ContactsApp" */;
			buildPhases = (
				AD901C712349F05900D3AFB5 /* Sources */,
				AD901C722349F05900D3AFB5 /* Frameworks */,
				AD901C732349F05900D3AFB5 /* Resources */,
			);
			buildRules = (
			);
			dependencies = (
			);
			name = ContactsApp;
			productName = ContactsApp;
			productReference = AD901C752349F05900D3AFB5 /* ContactsApp.app */;
			productType = "com.apple.product-type.application";
		};
		AD901C8A2349F05A00D3AFB5 /* ContactsAppTests */ = {
			isa = PBXNativeTarget;
			buildConfigurationList = AD901CA22349F05A00D3AFB5 /* Build configuration list for PBXNativeTarget "ContactsAppTests" */;
			buildPhases = (
				AD901C872349F05A00D3AFB5 /* Sources */,
				AD901C882349F05A00D3AFB5 /* Frameworks */,
				AD901C892349F05A00D3AFB5 /* Resources */,
			);
			buildRules = (
			);
			dependencies = (
				AD901C8D2349F05A00D3AFB5 /* PBXTargetDependency */,
			);
			name = ContactsAppTests;
			productName = ContactsAppTests;
			productReference = AD901C8B2349F05A00D3AFB5 /* ContactsAppTests.xctest */;
			productType = "com.apple.product-type.bundle.unit-test";
		};
		AD901C952349F05A00D3AFB5 /* ContactsAppUITests */ = {
			isa = PBXNativeTarget;
			buildConfigurationList = AD901CA52349F05A00D3AFB5 /* Build configuration list for PBXNativeTarget "ContactsAppUITests" */;
			buildPhases = (
				AD901C922349F05A00D3AFB5 /* Sources */,
				AD901C932349F05A00D3AFB5 /* Frameworks */,
				AD901C942349F05A00D3AFB5 /* Resources */,
			);
			buildRules = (
			);
			dependencies = (
				AD901C982349F05A00D3AFB5 /* PBXTargetDependency */,
			);
			name = ContactsAppUITests;
			productName = ContactsAppUITests;
			productReference = AD901C962349F05A00D3AFB5 /* ContactsAppUITests.xctest */;
			productType = "com.apple.product-type.bundle.ui-testing";
		};
/* End PBXNativeTarget section */

/* Begin PBXProject section */
		AD901C6D2349F05900D3AFB5 /* Project object */ = {
			isa = PBXProject;
			attributes = {
				LastSwiftUpdateCheck = 1100;
				LastUpgradeCheck = 1100;
				ORGANIZATIONNAME = "Sarathkumar S";
				TargetAttributes = {
					AD901C742349F05900D3AFB5 = {
						CreatedOnToolsVersion = 11.0;
					};
					AD901C8A2349F05A00D3AFB5 = {
						CreatedOnToolsVersion = 11.0;
						TestTargetID = AD901C742349F05900D3AFB5;
					};
					AD901C952349F05A00D3AFB5 = {
						CreatedOnToolsVersion = 11.0;
						TestTargetID = AD901C742349F05900D3AFB5;
					};
				};
			};
			buildConfigurationList = AD901C702349F05900D3AFB5 /* Build configuration list for PBXProject "ContactsApp" */;
			compatibilityVersion = "Xcode 9.3";
			developmentRegion = en;
			hasScannedForEncodings = 0;
			knownRegions = (
				en,
				Base,
			);
			mainGroup = AD901C6C2349F05900D3AFB5;
			productRefGroup = AD901C762349F05900D3AFB5 /* Products */;
			projectDirPath = "";
			projectRoot = "";
			targets = (
				AD901C742349F05900D3AFB5 /* ContactsApp */,
				AD901C8A2349F05A00D3AFB5 /* ContactsAppTests */,
				AD901C952349F05A00D3AFB5 /* ContactsAppUITests */,
			);
		};
/* End PBXProject section */

/* Begin PBXResourcesBuildPhase section */
		AD901C732349F05900D3AFB5 /* Resources */ = {
			isa = PBXResourcesBuildPhase;
			buildActionMask = 2147483647;
			files = (
				AD901C852349F05A00D3AFB5 /* LaunchScreen.storyboard in Resources */,
				AD901CB72349F1F000D3AFB5 /* Assets.xcassets in Resources */,
				AD901C802349F05900D3AFB5 /* Main.storyboard in Resources */,
			);
			runOnlyForDeploymentPostprocessing = 0;
		};
		AD901C892349F05A00D3AFB5 /* Resources */ = {
			isa = PBXResourcesBuildPhase;
			buildActionMask = 2147483647;
			files = (
			);
			runOnlyForDeploymentPostprocessing = 0;
		};
		AD901C942349F05A00D3AFB5 /* Resources */ = {
			isa = PBXResourcesBuildPhase;
			buildActionMask = 2147483647;
			files = (
			);
			runOnlyForDeploymentPostprocessing = 0;
		};
/* End PBXResourcesBuildPhase section */

/* Begin PBXSourcesBuildPhase section */
		AD901C712349F05900D3AFB5 /* Sources */ = {
			isa = PBXSourcesBuildPhase;
			buildActionMask = 2147483647;
			files = (
				AD901C7D2349F05900D3AFB5 /* ViewController.swift in Sources */,
				AD901CBE2349F54500D3AFB5 /* ContactsViewModel.swift in Sources */,
				AD901CC7234A0F8D00D3AFB5 /* ContactDetailViewModel.swift in Sources */,
				AD901CCB234B147400D3AFB5 /* EditContactViewModel.swift in Sources */,
				AD901CC12349F59D00D3AFB5 /* ContactTableViewCell.swift in Sources */,
				AD901CC32349FB5000D3AFB5 /* ImageDownloadManager.swift in Sources */,
				AD901CC9234B040A00D3AFB5 /* EditContactViewController.swift in Sources */,
				AD901C792349F05900D3AFB5 /* AppDelegate.swift in Sources */,
				AD901C7B2349F05900D3AFB5 /* SceneDelegate.swift in Sources */,
				AD901CAD2349F16C00D3AFB5 /* Reachability.swift in Sources */,
				AD901CAC2349F16C00D3AFB5 /* Constants.swift in Sources */,
				AD901CC5234A0DCC00D3AFB5 /* ContactDetailViewController.swift in Sources */,
				AD901CBC2349F53800D3AFB5 /* ContactsViewController.swift in Sources */,
				AD901CBA2349F52800D3AFB5 /* BaseViewController.swift in Sources */,
				AD901CAE2349F16C00D3AFB5 /* ServiceManager.swift in Sources */,
				AD901CB32349F1C600D3AFB5 /* ContactsModel.swift in Sources */,
			);
			runOnlyForDeploymentPostprocessing = 0;
		};
		AD901C872349F05A00D3AFB5 /* Sources */ = {
			isa = PBXSourcesBuildPhase;
			buildActionMask = 2147483647;
			files = (
				AD901C902349F05A00D3AFB5 /* ContactsAppTests.swift in Sources */,
			);
			runOnlyForDeploymentPostprocessing = 0;
		};
		AD901C922349F05A00D3AFB5 /* Sources */ = {
			isa = PBXSourcesBuildPhase;
			buildActionMask = 2147483647;
			files = (
				AD901C9B2349F05A00D3AFB5 /* ContactsAppUITests.swift in Sources */,
			);
			runOnlyForDeploymentPostprocessing = 0;
		};
/* End PBXSourcesBuildPhase section */

/* Begin PBXTargetDependency section */
		AD901C8D2349F05A00D3AFB5 /* PBXTargetDependency */ = {
			isa = PBXTargetDependency;
			target = AD901C742349F05900D3AFB5 /* ContactsApp */;
			targetProxy = AD901C8C2349F05A00D3AFB5 /* PBXContainerItemProxy */;
		};
		AD901C982349F05A00D3AFB5 /* PBXTargetDependency */ = {
			isa = PBXTargetDependency;
			target = AD901C742349F05900D3AFB5 /* ContactsApp */;
			targetProxy = AD901C972349F05A00D3AFB5 /* PBXContainerItemProxy */;
		};
/* End PBXTargetDependency section */

/* Begin PBXVariantGroup section */
		AD901C7E2349F05900D3AFB5 /* Main.storyboard */ = {
			isa = PBXVariantGroup;
			children = (
				AD901C7F2349F05900D3AFB5 /* Base */,
			);
			name = Main.storyboard;
			sourceTree = "<group>";
		};
		AD901C832349F05A00D3AFB5 /* LaunchScreen.storyboard */ = {
			isa = PBXVariantGroup;
			children = (
				AD901C842349F05A00D3AFB5 /* Base */,
			);
			name = LaunchScreen.storyboard;
			sourceTree = "<group>";
		};
/* End PBXVariantGroup section */

/* Begin XCBuildConfiguration section */
		AD901C9D2349F05A00D3AFB5 /* Debug */ = {
			isa = XCBuildConfiguration;
			buildSettings = {
				ALWAYS_SEARCH_USER_PATHS = NO;
				CLANG_ANALYZER_NONNULL = YES;
				CLANG_ANALYZER_NUMBER_OBJECT_CONVERSION = YES_AGGRESSIVE;
				CLANG_CXX_LANGUAGE_STANDARD = "gnu++14";
				CLANG_CXX_LIBRARY = "libc++";
				CLANG_ENABLE_MODULES = YES;
				CLANG_ENABLE_OBJC_ARC = YES;
				CLANG_ENABLE_OBJC_WEAK = YES;
				CLANG_WARN_BLOCK_CAPTURE_AUTORELEASING = YES;
				CLANG_WARN_BOOL_CONVERSION = YES;
				CLANG_WARN_COMMA = YES;
				CLANG_WARN_CONSTANT_CONVERSION = YES;
				CLANG_WARN_DEPRECATED_OBJC_IMPLEMENTATIONS = YES;
				CLANG_WARN_DIRECT_OBJC_ISA_USAGE = YES_ERROR;
				CLANG_WARN_DOCUMENTATION_COMMENTS = YES;
				CLANG_WARN_EMPTY_BODY = YES;
				CLANG_WARN_ENUM_CONVERSION = YES;
				CLANG_WARN_INFINITE_RECURSION = YES;
				CLANG_WARN_INT_CONVERSION = YES;
				CLANG_WARN_NON_LITERAL_NULL_CONVERSION = YES;
				CLANG_WARN_OBJC_IMPLICIT_RETAIN_SELF = YES;
				CLANG_WARN_OBJC_LITERAL_CONVERSION = YES;
				CLANG_WARN_OBJC_ROOT_CLASS = YES_ERROR;
				CLANG_WARN_RANGE_LOOP_ANALYSIS = YES;
				CLANG_WARN_STRICT_PROTOTYPES = YES;
				CLANG_WARN_SUSPICIOUS_MOVE = YES;
				CLANG_WARN_UNGUARDED_AVAILABILITY = YES_AGGRESSIVE;
				CLANG_WARN_UNREACHABLE_CODE = YES;
				CLANG_WARN__DUPLICATE_METHOD_MATCH = YES;
				COPY_PHASE_STRIP = NO;
				DEBUG_INFORMATION_FORMAT = dwarf;
				ENABLE_STRICT_OBJC_MSGSEND = YES;
				ENABLE_TESTABILITY = YES;
				GCC_C_LANGUAGE_STANDARD = gnu11;
				GCC_DYNAMIC_NO_PIC = NO;
				GCC_NO_COMMON_BLOCKS = YES;
				GCC_OPTIMIZATION_LEVEL = 0;
				GCC_PREPROCESSOR_DEFINITIONS = (
					"DEBUG=1",
					"$(inherited)",
				);
				GCC_WARN_64_TO_32_BIT_CONVERSION = YES;
				GCC_WARN_ABOUT_RETURN_TYPE = YES_ERROR;
				GCC_WARN_UNDECLARED_SELECTOR = YES;
				GCC_WARN_UNINITIALIZED_AUTOS = YES_AGGRESSIVE;
				GCC_WARN_UNUSED_FUNCTION = YES;
				GCC_WARN_UNUSED_VARIABLE = YES;
				IPHONEOS_DEPLOYMENT_TARGET = 13.0;
				MTL_ENABLE_DEBUG_INFO = INCLUDE_SOURCE;
				MTL_FAST_MATH = YES;
				ONLY_ACTIVE_ARCH = YES;
				SDKROOT = iphoneos;
				SWIFT_ACTIVE_COMPILATION_CONDITIONS = DEBUG;
				SWIFT_OPTIMIZATION_LEVEL = "-Onone";
			};
			name = Debug;
		};
		AD901C9E2349F05A00D3AFB5 /* Release */ = {
			isa = XCBuildConfiguration;
			buildSettings = {
				ALWAYS_SEARCH_USER_PATHS = NO;
				CLANG_ANALYZER_NONNULL = YES;
				CLANG_ANALYZER_NUMBER_OBJECT_CONVERSION = YES_AGGRESSIVE;
				CLANG_CXX_LANGUAGE_STANDARD = "gnu++14";
				CLANG_CXX_LIBRARY = "libc++";
				CLANG_ENABLE_MODULES = YES;
				CLANG_ENABLE_OBJC_ARC = YES;
				CLANG_ENABLE_OBJC_WEAK = YES;
				CLANG_WARN_BLOCK_CAPTURE_AUTORELEASING = YES;
				CLANG_WARN_BOOL_CONVERSION = YES;
				CLANG_WARN_COMMA = YES;
				CLANG_WARN_CONSTANT_CONVERSION = YES;
				CLANG_WARN_DEPRECATED_OBJC_IMPLEMENTATIONS = YES;
				CLANG_WARN_DIRECT_OBJC_ISA_USAGE = YES_ERROR;
				CLANG_WARN_DOCUMENTATION_COMMENTS = YES;
				CLANG_WARN_EMPTY_BODY = YES;
				CLANG_WARN_ENUM_CONVERSION = YES;
				CLANG_WARN_INFINITE_RECURSION = YES;
				CLANG_WARN_INT_CONVERSION = YES;
				CLANG_WARN_NON_LITERAL_NULL_CONVERSION = YES;
				CLANG_WARN_OBJC_IMPLICIT_RETAIN_SELF = YES;
				CLANG_WARN_OBJC_LITERAL_CONVERSION = YES;
				CLANG_WARN_OBJC_ROOT_CLASS = YES_ERROR;
				CLANG_WARN_RANGE_LOOP_ANALYSIS = YES;
				CLANG_WARN_STRICT_PROTOTYPES = YES;
				CLANG_WARN_SUSPICIOUS_MOVE = YES;
				CLANG_WARN_UNGUARDED_AVAILABILITY = YES_AGGRESSIVE;
				CLANG_WARN_UNREACHABLE_CODE = YES;
				CLANG_WARN__DUPLICATE_METHOD_MATCH = YES;
				COPY_PHASE_STRIP = NO;
				DEBUG_INFORMATION_FORMAT = "dwarf-with-dsym";
				ENABLE_NS_ASSERTIONS = NO;
				ENABLE_STRICT_OBJC_MSGSEND = YES;
				GCC_C_LANGUAGE_STANDARD = gnu11;
				GCC_NO_COMMON_BLOCKS = YES;
				GCC_WARN_64_TO_32_BIT_CONVERSION = YES;
				GCC_WARN_ABOUT_RETURN_TYPE = YES_ERROR;
				GCC_WARN_UNDECLARED_SELECTOR = YES;
				GCC_WARN_UNINITIALIZED_AUTOS = YES_AGGRESSIVE;
				GCC_WARN_UNUSED_FUNCTION = YES;
				GCC_WARN_UNUSED_VARIABLE = YES;
				IPHONEOS_DEPLOYMENT_TARGET = 13.0;
				MTL_ENABLE_DEBUG_INFO = NO;
				MTL_FAST_MATH = YES;
				SDKROOT = iphoneos;
				SWIFT_COMPILATION_MODE = wholemodule;
				SWIFT_OPTIMIZATION_LEVEL = "-O";
				VALIDATE_PRODUCT = YES;
			};
			name = Release;
		};
		AD901CA02349F05A00D3AFB5 /* Debug */ = {
			isa = XCBuildConfiguration;
			buildSettings = {
				ASSETCATALOG_COMPILER_APPICON_NAME = AppIcon;
				CODE_SIGN_STYLE = Automatic;
				INFOPLIST_FILE = ContactsApp/Info.plist;
				LD_RUNPATH_SEARCH_PATHS = (
					"$(inherited)",
					"@executable_path/Frameworks",
				);
				PRODUCT_BUNDLE_IDENTIFIER = photon.ContactsApp;
				PRODUCT_NAME = "$(TARGET_NAME)";
				SWIFT_VERSION = 5.0;
				TARGETED_DEVICE_FAMILY = "1,2";
			};
			name = Debug;
		};
		AD901CA12349F05A00D3AFB5 /* Release */ = {
			isa = XCBuildConfiguration;
			buildSettings = {
				ASSETCATALOG_COMPILER_APPICON_NAME = AppIcon;
				CODE_SIGN_STYLE = Automatic;
				INFOPLIST_FILE = ContactsApp/Info.plist;
				LD_RUNPATH_SEARCH_PATHS = (
					"$(inherited)",
					"@executable_path/Frameworks",
				);
				PRODUCT_BUNDLE_IDENTIFIER = photon.ContactsApp;
				PRODUCT_NAME = "$(TARGET_NAME)";
				SWIFT_VERSION = 5.0;
				TARGETED_DEVICE_FAMILY = "1,2";
			};
			name = Release;
		};
		AD901CA32349F05A00D3AFB5 /* Debug */ = {
			isa = XCBuildConfiguration;
			buildSettings = {
				ALWAYS_EMBED_SWIFT_STANDARD_LIBRARIES = YES;
				BUNDLE_LOADER = "$(TEST_HOST)";
				CODE_SIGN_STYLE = Automatic;
				INFOPLIST_FILE = ContactsAppTests/Info.plist;
				IPHONEOS_DEPLOYMENT_TARGET = 13.0;
				LD_RUNPATH_SEARCH_PATHS = (
					"$(inherited)",
					"@executable_path/Frameworks",
					"@loader_path/Frameworks",
				);
				PRODUCT_BUNDLE_IDENTIFIER = photon.ContactsAppTests;
				PRODUCT_NAME = "$(TARGET_NAME)";
				SWIFT_VERSION = 5.0;
				TARGETED_DEVICE_FAMILY = "1,2";
				TEST_HOST = "$(BUILT_PRODUCTS_DIR)/ContactsApp.app/ContactsApp";
			};
			name = Debug;
		};
		AD901CA42349F05A00D3AFB5 /* Release */ = {
			isa = XCBuildConfiguration;
			buildSettings = {
				ALWAYS_EMBED_SWIFT_STANDARD_LIBRARIES = YES;
				BUNDLE_LOADER = "$(TEST_HOST)";
				CODE_SIGN_STYLE = Automatic;
				INFOPLIST_FILE = ContactsAppTests/Info.plist;
				IPHONEOS_DEPLOYMENT_TARGET = 13.0;
				LD_RUNPATH_SEARCH_PATHS = (
					"$(inherited)",
					"@executable_path/Frameworks",
					"@loader_path/Frameworks",
				);
				PRODUCT_BUNDLE_IDENTIFIER = photon.ContactsAppTests;
				PRODUCT_NAME = "$(TARGET_NAME)";
				SWIFT_VERSION = 5.0;
				TARGETED_DEVICE_FAMILY = "1,2";
				TEST_HOST = "$(BUILT_PRODUCTS_DIR)/ContactsApp.app/ContactsApp";
			};
			name = Release;
		};
		AD901CA62349F05A00D3AFB5 /* Debug */ = {
			isa = XCBuildConfiguration;
			buildSettings = {
				ALWAYS_EMBED_SWIFT_STANDARD_LIBRARIES = YES;
				CODE_SIGN_STYLE = Automatic;
				INFOPLIST_FILE = ContactsAppUITests/Info.plist;
				LD_RUNPATH_SEARCH_PATHS = (
					"$(inherited)",
					"@executable_path/Frameworks",
					"@loader_path/Frameworks",
				);
				PRODUCT_BUNDLE_IDENTIFIER = photon.ContactsAppUITests;
				PRODUCT_NAME = "$(TARGET_NAME)";
				SWIFT_VERSION = 5.0;
				TARGETED_DEVICE_FAMILY = "1,2";
				TEST_TARGET_NAME = ContactsApp;
			};
			name = Debug;
		};
		AD901CA72349F05A00D3AFB5 /* Release */ = {
			isa = XCBuildConfiguration;
			buildSettings = {
				ALWAYS_EMBED_SWIFT_STANDARD_LIBRARIES = YES;
				CODE_SIGN_STYLE = Automatic;
				INFOPLIST_FILE = ContactsAppUITests/Info.plist;
				LD_RUNPATH_SEARCH_PATHS = (
					"$(inherited)",
					"@executable_path/Frameworks",
					"@loader_path/Frameworks",
				);
				PRODUCT_BUNDLE_IDENTIFIER = photon.ContactsAppUITests;
				PRODUCT_NAME = "$(TARGET_NAME)";
				SWIFT_VERSION = 5.0;
				TARGETED_DEVICE_FAMILY = "1,2";
				TEST_TARGET_NAME = ContactsApp;
			};
			name = Release;
		};
/* End XCBuildConfiguration section */

/* Begin XCConfigurationList section */
		AD901C702349F05900D3AFB5 /* Build configuration list for PBXProject "ContactsApp" */ = {
			isa = XCConfigurationList;
			buildConfigurations = (
				AD901C9D2349F05A00D3AFB5 /* Debug */,
				AD901C9E2349F05A00D3AFB5 /* Release */,
			);
			defaultConfigurationIsVisible = 0;
			defaultConfigurationName = Release;
		};
		AD901C9F2349F05A00D3AFB5 /* Build configuration list for PBXNativeTarget "ContactsApp" */ = {
			isa = XCConfigurationList;
			buildConfigurations = (
				AD901CA02349F05A00D3AFB5 /* Debug */,
				AD901CA12349F05A00D3AFB5 /* Release */,
			);
			defaultConfigurationIsVisible = 0;
			defaultConfigurationName = Release;
		};
		AD901CA22349F05A00D3AFB5 /* Build configuration list for PBXNativeTarget "ContactsAppTests" */ = {
			isa = XCConfigurationList;
			buildConfigurations = (
				AD901CA32349F05A00D3AFB5 /* Debug */,
				AD901CA42349F05A00D3AFB5 /* Release */,
			);
			defaultConfigurationIsVisible = 0;
			defaultConfigurationName = Release;
		};
		AD901CA52349F05A00D3AFB5 /* Build configuration list for PBXNativeTarget "ContactsAppUITests" */ = {
			isa = XCConfigurationList;
			buildConfigurations = (
				AD901CA62349F05A00D3AFB5 /* Debug */,
				AD901CA72349F05A00D3AFB5 /* Release */,
			);
			defaultConfigurationIsVisible = 0;
			defaultConfigurationName = Release;
		};
/* End XCConfigurationList section */
	};
	rootObject = AD901C6D2349F05900D3AFB5 /* Project object */;
}
